
Microsoft Visual Studio Solution File, Format Version 12.00
# Visual Studio Version 17
VisualStudioVersion = 17.9.34723.18
MinimumVisualStudioVersion = 10.0.40219.1
Project("{FAE04EC0-301F-11D3-BF4B-00C04F79EFBC}") = "OJTI 2017", "OJTI 2017\OJTI 2017.csproj", "{9CA08696-B056-4FAE-894D-1D95447B6916}"
EndProject
Global
	GlobalSection(SolutionConfigurationPlatforms) = preSolution
		Debug|Any CPU = Debug|Any CPU
		Release|Any CPU = Release|Any CPU
	EndGlobalSection
	GlobalSection(ProjectConfigurationPlatforms) = postSolution
		{9CA08696-B056-4FAE-894D-1D95447B6916}.Debug|Any CPU.ActiveCfg = Debug|Any CPU
		{9CA08696-B056-4FAE-894D-1D95447B6916}.Debug|Any CPU.Build.0 = Debug|Any CPU
		{9CA08696-B056-4FAE-894D-1D95447B6916}.Release|Any CPU.ActiveCfg = Release|Any CPU
		{9CA08696-B056-4FAE-894D-1D95447B6916}.Release|Any CPU.Build.0 = Release|Any CPU
	EndGlobalSection
	GlobalSection(SolutionProperties) = preSolution
		HideSolutionNode = FALSE
	EndGlobalSection
	GlobalSection(ExtensibilityGlobals) = postSolution
		SolutionGuid = {41658F1D-58B2-4D35-BCEE-87AFA07D53B0}
	EndGlobalSection
EndGlobal
